
Microsoft Visual Studio Solution File, Format Version 12.00
# Visual Studio Version 17
VisualStudioVersion = 17.9.34622.214
MinimumVisualStudioVersion = 10.0.40219.1
Project("{2150E333-8FDC-42A3-9474-1A3956D46DE8}") = "Services", "Services", "{DA1B3354-D837-49F5-BE67-AD1F654ADF19}"
EndProject
Project("{2150E333-8FDC-42A3-9474-1A3956D46DE8}") = "Catalog", "Catalog", "{530C32CE-19C4-4A5E-89DE-C25A576A2C12}"
EndProject
Project("{9A19103F-16F7-4668-BE54-9A1E7A4F7556}") = "Catalog.API", "Services\Catalog\Catalog.API\Catalog.API.csproj", "{A1DDC4BF-6002-4B4F-82E2-36231D4C6852}"
EndProject
Project("{2150E333-8FDC-42A3-9474-1A3956D46DE8}") = "BuildingBlocks", "BuildingBlocks", "{EC7A3CAD-F640-48D7-A10F-FBBB0B2331FB}"
EndProject
Project("{9A19103F-16F7-4668-BE54-9A1E7A4F7556}") = "BuildingBlocks", "BuildingBlocks\BuildingBlocks\BuildingBlocks.csproj", "{09EA613B-BFE8-4BB7-B607-EE0122B417EE}"
EndProject
Project("{E53339B2-1760-4266-BCC7-CA923CBCF16C}") = "docker-compose", "docker-compose.dcproj", "{4C451801-2D58-426C-B90D-3E7B0043E622}"
EndProject
Project("{2150E333-8FDC-42A3-9474-1A3956D46DE8}") = "Basket", "Basket", "{466BBFF7-11C2-4AC7-B0AB-0D962BABC98D}"
EndProject
Project("{FAE04EC0-301F-11D3-BF4B-00C04F79EFBC}") = "Basket.API", "Services\Basket\Basket.API\Basket.API.csproj", "{562DBE08-7874-4563-B949-6991DD115A83}"
EndProject
Global
	GlobalSection(SolutionConfigurationPlatforms) = preSolution
		Debug|Any CPU = Debug|Any CPU
		Release|Any CPU = Release|Any CPU
	EndGlobalSection
	GlobalSection(ProjectConfigurationPlatforms) = postSolution
		{A1DDC4BF-6002-4B4F-82E2-36231D4C6852}.Debug|Any CPU.ActiveCfg = Debug|Any CPU
		{A1DDC4BF-6002-4B4F-82E2-36231D4C6852}.Debug|Any CPU.Build.0 = Debug|Any CPU
		{A1DDC4BF-6002-4B4F-82E2-36231D4C6852}.Release|Any CPU.ActiveCfg = Release|Any CPU
		{A1DDC4BF-6002-4B4F-82E2-36231D4C6852}.Release|Any CPU.Build.0 = Release|Any CPU
		{09EA613B-BFE8-4BB7-B607-EE0122B417EE}.Debug|Any CPU.ActiveCfg = Debug|Any CPU
		{09EA613B-BFE8-4BB7-B607-EE0122B417EE}.Debug|Any CPU.Build.0 = Debug|Any CPU
		{09EA613B-BFE8-4BB7-B607-EE0122B417EE}.Release|Any CPU.ActiveCfg = Release|Any CPU
		{09EA613B-BFE8-4BB7-B607-EE0122B417EE}.Release|Any CPU.Build.0 = Release|Any CPU
		{4C451801-2D58-426C-B90D-3E7B0043E622}.Debug|Any CPU.ActiveCfg = Debug|Any CPU
		{4C451801-2D58-426C-B90D-3E7B0043E622}.Debug|Any CPU.Build.0 = Debug|Any CPU
		{4C451801-2D58-426C-B90D-3E7B0043E622}.Release|Any CPU.ActiveCfg = Release|Any CPU
		{4C451801-2D58-426C-B90D-3E7B0043E622}.Release|Any CPU.Build.0 = Release|Any CPU
		{562DBE08-7874-4563-B949-6991DD115A83}.Debug|Any CPU.ActiveCfg = Debug|Any CPU
		{562DBE08-7874-4563-B949-6991DD115A83}.Debug|Any CPU.Build.0 = Debug|Any CPU
		{562DBE08-7874-4563-B949-6991DD115A83}.Release|Any CPU.ActiveCfg = Release|Any CPU
		{562DBE08-7874-4563-B949-6991DD115A83}.Release|Any CPU.Build.0 = Release|Any CPU
	EndGlobalSection
	GlobalSection(SolutionProperties) = preSolution
		HideSolutionNode = FALSE
	EndGlobalSection
	GlobalSection(NestedProjects) = preSolution
		{530C32CE-19C4-4A5E-89DE-C25A576A2C12} = {DA1B3354-D837-49F5-BE67-AD1F654ADF19}
		{A1DDC4BF-6002-4B4F-82E2-36231D4C6852} = {530C32CE-19C4-4A5E-89DE-C25A576A2C12}
		{09EA613B-BFE8-4BB7-B607-EE0122B417EE} = {EC7A3CAD-F640-48D7-A10F-FBBB0B2331FB}
		{466BBFF7-11C2-4AC7-B0AB-0D962BABC98D} = {DA1B3354-D837-49F5-BE67-AD1F654ADF19}
		{562DBE08-7874-4563-B949-6991DD115A83} = {466BBFF7-11C2-4AC7-B0AB-0D962BABC98D}
	EndGlobalSection
	GlobalSection(ExtensibilityGlobals) = postSolution
		SolutionGuid = {701EB5D6-4BD5-48BD-95B3-9E6506D1D496}
	EndGlobalSection
EndGlobal
